
Microsoft Visual Studio Solution File, Format Version 12.00
# Visual Studio Version 17
VisualStudioVersion = 17.5.33424.131
MinimumVisualStudioVersion = 10.0.40219.1
Project("{FAE04EC0-301F-11D3-BF4B-00C04F79EFBC}") = "TournamentApp", "TournamentApp\TournamentApp.csproj", "{C5400442-F2D8-4F41-B651-FEA88B11C2B5}"
EndProject
Global
	GlobalSection(SolutionConfigurationPlatforms) = preSolution
		Debug|Any CPU = Debug|Any CPU
		Release|Any CPU = Release|Any CPU
	EndGlobalSection
	GlobalSection(ProjectConfigurationPlatforms) = postSolution
		{C5400442-F2D8-4F41-B651-FEA88B11C2B5}.Debug|Any CPU.ActiveCfg = Debug|Any CPU
		{C5400442-F2D8-4F41-B651-FEA88B11C2B5}.Debug|Any CPU.Build.0 = Debug|Any CPU
		{C5400442-F2D8-4F41-B651-FEA88B11C2B5}.Release|Any CPU.ActiveCfg = Release|Any CPU
		{C5400442-F2D8-4F41-B651-FEA88B11C2B5}.Release|Any CPU.Build.0 = Release|Any CPU
	EndGlobalSection
	GlobalSection(SolutionProperties) = preSolution
		HideSolutionNode = FALSE
	EndGlobalSection
	GlobalSection(ExtensibilityGlobals) = postSolution
		SolutionGuid = {93AB18E4-CD71-44BC-B0C8-55F884AB4852}
	EndGlobalSection
EndGlobal
